{
  "name": "medium-post-markdown",
  "version": "1.0.0",
  "lockfileVersion": 1,
  "requires": true,
  "dependencies": {
    "argparse": {
      "version": "1.0.10",
      "resolved": "https://registry.npmjs.org/argparse/-/argparse-1.0.10.tgz",
      "integrity": "sha512-o5Roy6tNG4SL/FOkCAN6RzjiakZS25RLYFrcMttJqbdd8BWrnA+fGz57iN5Pb06pvBGvl5gQ0B48dJlslXvoTg==",
      "requires": {
        "sprintf-js": "~1.0.2"
      }
    },
    "esprima": {
      "version": "2.7.3",
      "resolved": "https://registry.npmjs.org/esprima/-/esprima-2.7.3.tgz",
      "integrity": "sha1-luO3DVd59q1JzQMmc9HDEnZ7pYE="
    },
    "js-yaml": {
      "version": "3.5.5",
      "resolved": "https://registry.npmjs.org/js-yaml/-/js-yaml-3.5.5.tgz",
      "integrity": "sha1-A3fDgBfKvHMisNH7zSWkkWQfL74=",
      "requires": {
        "argparse": "^1.0.2",
        "esprima": "^2.6.0"
      }
    },
    "marked": {
      "version": "0.3.19",
      "resolved": "https://registry.npmjs.org/marked/-/marked-0.3.19.tgz",
      "integrity": "sha512-ea2eGWOqNxPcXv8dyERdSr/6FmzvWwzjMxpfGB/sbMccXoct+xY+YukPD+QTUZwyvK7BZwcr4m21WBOW41pAkg=="
    },
    "medium-sdk": {
      "version": "0.0.4",
      "resolved": "https://registry.npmjs.org/medium-sdk/-/medium-sdk-0.0.4.tgz",
      "integrity": "sha1-vdE4KOn7HPqT4M6TROsZFh/MDZk="
    },
    "meta-marked": {
      "version": "0.4.2",
      "resolved": "https://registry.npmjs.org/meta-marked/-/meta-marked-0.4.2.tgz",
      "integrity": "sha1-Sh+uNE9T1wQKrKu3I+L0MqN0Vfg=",
      "requires": {
        "js-yaml": "~3.5.5",
        "marked": "~0.3.6"
      }
    },
    "sprintf-js": {
      "version": "1.0.3",
      "resolved": "https://registry.npmjs.org/sprintf-js/-/sprintf-js-1.0.3.tgz",
      "integrity": "sha1-BOaSb2YolTVPPdAVIDYzuFcpfiw="
    }
  }
}
